
Microsoft Visual Studio Solution File, Format Version 12.00
# Visual Studio Version 17
VisualStudioVersion = 17.6.33723.286
MinimumVisualStudioVersion = 10.0.40219.1
Project("{2150E333-8FDC-42A3-9474-1A3956D46DE8}") = "src", "src", "{51F55F55-6756-45E3-8F72-F2E270DE8940}"
EndProject
Project("{2150E333-8FDC-42A3-9474-1A3956D46DE8}") = "Building Blocks", "Building Blocks", "{5FD6F673-0B67-4A08-84D8-C4B7B878CB1D}"
EndProject
Project("{2150E333-8FDC-42A3-9474-1A3956D46DE8}") = "Apresentacao", "Apresentacao", "{71A669F5-6545-405B-A25D-4957A93E5D62}"
EndProject
Project("{2150E333-8FDC-42A3-9474-1A3956D46DE8}") = "Servicos", "Servicos", "{84586698-31C1-46F4-ADEC-39099F1D8AD0}"
EndProject
Project("{2150E333-8FDC-42A3-9474-1A3956D46DE8}") = "Aplicacao", "Aplicacao", "{CCB53E5D-E7DB-4E81-B9FA-B11C21360DC9}"
EndProject
Project("{2150E333-8FDC-42A3-9474-1A3956D46DE8}") = "Dominio", "Dominio", "{D12A5E8D-803F-4E83-B0C2-61F871F94D4C}"
EndProject
Project("{2150E333-8FDC-42A3-9474-1A3956D46DE8}") = "Infra", "Infra", "{5F280FF1-C5F2-4C27-8B7D-E7B6DD2007BF}"
EndProject
Project("{2150E333-8FDC-42A3-9474-1A3956D46DE8}") = "Testes", "Testes", "{E201C8BC-F826-4B0A-8E5A-9752801B7310}"
EndProject
Project("{9A19103F-16F7-4668-BE54-9A1E7A4F7556}") = "Senac.eShop.Infra.Data", "src\Senac.eShop.Infra.Data\Senac.eShop.Infra.Data.csproj", "{8BFFFB95-3965-4F6E-9FED-BD1D1649573A}"
EndProject
Project("{9A19103F-16F7-4668-BE54-9A1E7A4F7556}") = "Senac.eShop.Infra.CrossCutting.IoC", "src\Senac.eShop.Infra.CrossCutting.IoC\Senac.eShop.Infra.CrossCutting.IoC.csproj", "{E0872C7F-74DE-4988-8A6C-F3CEAF597921}"
EndProject
Project("{9A19103F-16F7-4668-BE54-9A1E7A4F7556}") = "Senac.eShop.Domain", "src\Senac.eShop.Domain\Senac.eShop.Domain.csproj", "{FAEA4B6B-4339-4B69-AD3A-9891A68C58F6}"
EndProject
Project("{9A19103F-16F7-4668-BE54-9A1E7A4F7556}") = "Senac.eShop.Application", "src\Senac.eShop.Application\Senac.eShop.Application.csproj", "{FDD7FA7E-6D4A-44A8-849A-0EC49F37E6E8}"
EndProject
Project("{9A19103F-16F7-4668-BE54-9A1E7A4F7556}") = "Senac.eShop.Domain.Shared", "src\Senac.eShop.Domain.Shared\Senac.eShop.Domain.Shared.csproj", "{5B2DE89B-0D04-4848-8618-DCAA76F254EE}"
EndProject
Project("{9A19103F-16F7-4668-BE54-9A1E7A4F7556}") = "Senac.eShop.API", "src\Senac.eShop.API\Senac.eShop.API.csproj", "{1F659BDE-AFCD-43D4-930E-13616BA5100E}"
EndProject
Project("{9A19103F-16F7-4668-BE54-9A1E7A4F7556}") = "Senac.eShop.Core", "src\Senac.eShop.Core\Senac.eShop.Core.csproj", "{AA93288C-6368-4375-A154-B45F99DC3ED5}"
EndProject
Global
	GlobalSection(SolutionConfigurationPlatforms) = preSolution
		Debug|Any CPU = Debug|Any CPU
		Release|Any CPU = Release|Any CPU
	EndGlobalSection
	GlobalSection(ProjectConfigurationPlatforms) = postSolution
		{8BFFFB95-3965-4F6E-9FED-BD1D1649573A}.Debug|Any CPU.ActiveCfg = Debug|Any CPU
		{8BFFFB95-3965-4F6E-9FED-BD1D1649573A}.Debug|Any CPU.Build.0 = Debug|Any CPU
		{8BFFFB95-3965-4F6E-9FED-BD1D1649573A}.Release|Any CPU.ActiveCfg = Release|Any CPU
		{8BFFFB95-3965-4F6E-9FED-BD1D1649573A}.Release|Any CPU.Build.0 = Release|Any CPU
		{E0872C7F-74DE-4988-8A6C-F3CEAF597921}.Debug|Any CPU.ActiveCfg = Debug|Any CPU
		{E0872C7F-74DE-4988-8A6C-F3CEAF597921}.Debug|Any CPU.Build.0 = Debug|Any CPU
		{E0872C7F-74DE-4988-8A6C-F3CEAF597921}.Release|Any CPU.ActiveCfg = Release|Any CPU
		{E0872C7F-74DE-4988-8A6C-F3CEAF597921}.Release|Any CPU.Build.0 = Release|Any CPU
		{FAEA4B6B-4339-4B69-AD3A-9891A68C58F6}.Debug|Any CPU.ActiveCfg = Debug|Any CPU
		{FAEA4B6B-4339-4B69-AD3A-9891A68C58F6}.Debug|Any CPU.Build.0 = Debug|Any CPU
		{FAEA4B6B-4339-4B69-AD3A-9891A68C58F6}.Release|Any CPU.ActiveCfg = Release|Any CPU
		{FAEA4B6B-4339-4B69-AD3A-9891A68C58F6}.Release|Any CPU.Build.0 = Release|Any CPU
		{FDD7FA7E-6D4A-44A8-849A-0EC49F37E6E8}.Debug|Any CPU.ActiveCfg = Debug|Any CPU
		{FDD7FA7E-6D4A-44A8-849A-0EC49F37E6E8}.Debug|Any CPU.Build.0 = Debug|Any CPU
		{FDD7FA7E-6D4A-44A8-849A-0EC49F37E6E8}.Release|Any CPU.ActiveCfg = Release|Any CPU
		{FDD7FA7E-6D4A-44A8-849A-0EC49F37E6E8}.Release|Any CPU.Build.0 = Release|Any CPU
		{5B2DE89B-0D04-4848-8618-DCAA76F254EE}.Debug|Any CPU.ActiveCfg = Debug|Any CPU
		{5B2DE89B-0D04-4848-8618-DCAA76F254EE}.Debug|Any CPU.Build.0 = Debug|Any CPU
		{5B2DE89B-0D04-4848-8618-DCAA76F254EE}.Release|Any CPU.ActiveCfg = Release|Any CPU
		{5B2DE89B-0D04-4848-8618-DCAA76F254EE}.Release|Any CPU.Build.0 = Release|Any CPU
		{1F659BDE-AFCD-43D4-930E-13616BA5100E}.Debug|Any CPU.ActiveCfg = Debug|Any CPU
		{1F659BDE-AFCD-43D4-930E-13616BA5100E}.Debug|Any CPU.Build.0 = Debug|Any CPU
		{1F659BDE-AFCD-43D4-930E-13616BA5100E}.Release|Any CPU.ActiveCfg = Release|Any CPU
		{1F659BDE-AFCD-43D4-930E-13616BA5100E}.Release|Any CPU.Build.0 = Release|Any CPU
		{AA93288C-6368-4375-A154-B45F99DC3ED5}.Debug|Any CPU.ActiveCfg = Debug|Any CPU
		{AA93288C-6368-4375-A154-B45F99DC3ED5}.Debug|Any CPU.Build.0 = Debug|Any CPU
		{AA93288C-6368-4375-A154-B45F99DC3ED5}.Release|Any CPU.ActiveCfg = Release|Any CPU
		{AA93288C-6368-4375-A154-B45F99DC3ED5}.Release|Any CPU.Build.0 = Release|Any CPU
	EndGlobalSection
	GlobalSection(SolutionProperties) = preSolution
		HideSolutionNode = FALSE
	EndGlobalSection
	GlobalSection(NestedProjects) = preSolution
		{5FD6F673-0B67-4A08-84D8-C4B7B878CB1D} = {51F55F55-6756-45E3-8F72-F2E270DE8940}
		{71A669F5-6545-405B-A25D-4957A93E5D62} = {51F55F55-6756-45E3-8F72-F2E270DE8940}
		{84586698-31C1-46F4-ADEC-39099F1D8AD0} = {51F55F55-6756-45E3-8F72-F2E270DE8940}
		{CCB53E5D-E7DB-4E81-B9FA-B11C21360DC9} = {51F55F55-6756-45E3-8F72-F2E270DE8940}
		{D12A5E8D-803F-4E83-B0C2-61F871F94D4C} = {51F55F55-6756-45E3-8F72-F2E270DE8940}
		{5F280FF1-C5F2-4C27-8B7D-E7B6DD2007BF} = {51F55F55-6756-45E3-8F72-F2E270DE8940}
		{E201C8BC-F826-4B0A-8E5A-9752801B7310} = {51F55F55-6756-45E3-8F72-F2E270DE8940}
		{8BFFFB95-3965-4F6E-9FED-BD1D1649573A} = {5F280FF1-C5F2-4C27-8B7D-E7B6DD2007BF}
		{E0872C7F-74DE-4988-8A6C-F3CEAF597921} = {5F280FF1-C5F2-4C27-8B7D-E7B6DD2007BF}
		{FAEA4B6B-4339-4B69-AD3A-9891A68C58F6} = {D12A5E8D-803F-4E83-B0C2-61F871F94D4C}
		{FDD7FA7E-6D4A-44A8-849A-0EC49F37E6E8} = {CCB53E5D-E7DB-4E81-B9FA-B11C21360DC9}
		{5B2DE89B-0D04-4848-8618-DCAA76F254EE} = {D12A5E8D-803F-4E83-B0C2-61F871F94D4C}
		{1F659BDE-AFCD-43D4-930E-13616BA5100E} = {84586698-31C1-46F4-ADEC-39099F1D8AD0}
		{AA93288C-6368-4375-A154-B45F99DC3ED5} = {5FD6F673-0B67-4A08-84D8-C4B7B878CB1D}
	EndGlobalSection
	GlobalSection(ExtensibilityGlobals) = postSolution
		SolutionGuid = {E05919CF-7494-4883-B8CF-4C80993CCD6B}
	EndGlobalSection
EndGlobal
