
Microsoft Visual Studio Solution File, Format Version 12.00
# Visual Studio Version 17
VisualStudioVersion = 17.7.34221.43
MinimumVisualStudioVersion = 10.0.40219.1
Project("{FAE04EC0-301F-11D3-BF4B-00C04F79EFBC}") = "Scrum", "Scrum\Scrum.csproj", "{B0AAF8B6-AF3A-4389-99B1-EA5F26FE0708}"
EndProject
Project("{FAE04EC0-301F-11D3-BF4B-00C04F79EFBC}") = "Scrum.Core", "src\Scrum.Core\Scrum.Core.csproj", "{D1BFAF5C-6EE3-415A-8B4E-A4556A61D391}"
EndProject
Project("{2150E333-8FDC-42A3-9474-1A3956D46DE8}") = "src", "src", "{E2283C48-BE61-4C68-AE8A-4A55059899FF}"
EndProject
Project("{2150E333-8FDC-42A3-9474-1A3956D46DE8}") = "Aplicacao", "Aplicacao", "{1018F9FF-384C-4FF7-90EA-1D50BBBB9DED}"
EndProject
Project("{2150E333-8FDC-42A3-9474-1A3956D46DE8}") = "Building Blocks", "Building Blocks", "{11B40110-85E5-447D-8765-D6A6B6A13C1F}"
EndProject
Project("{2150E333-8FDC-42A3-9474-1A3956D46DE8}") = "Servicos", "Servicos", "{6B2ACB17-FC88-4E07-B171-5B3957A579A8}"
EndProject
Project("{2150E333-8FDC-42A3-9474-1A3956D46DE8}") = "Testes", "Testes", "{809483F7-5BCD-47FD-9488-AE4F6FB92FE3}"
EndProject
Project("{2150E333-8FDC-42A3-9474-1A3956D46DE8}") = "Infra", "Infra", "{9B2FC648-7475-4A64-85CB-A22DF2F02E7A}"
EndProject
Project("{2150E333-8FDC-42A3-9474-1A3956D46DE8}") = "Dominio", "Dominio", "{A94C252C-5FAB-46D1-8B8A-BF8EE3BCE9FA}"
EndProject
Project("{2150E333-8FDC-42A3-9474-1A3956D46DE8}") = "Apresentacao", "Apresentacao", "{3D216EA9-40E4-40C7-82B8-EC43C0993A9B}"
EndProject
Project("{FAE04EC0-301F-11D3-BF4B-00C04F79EFBC}") = "Scrum.Application", "src\Scrum.Application\Scrum.Application.csproj", "{046BEF74-1251-44C1-A04E-3ADBFBDD7199}"
EndProject
Project("{FAE04EC0-301F-11D3-BF4B-00C04F79EFBC}") = "Scrum.Domain", "src\Scrum.Domain\Scrum.Domain.csproj", "{1038321F-D908-4963-A849-743318C89122}"
EndProject
Project("{FAE04EC0-301F-11D3-BF4B-00C04F79EFBC}") = "Scrum.Infra.CrossCutting.IoC", "src\Scrum.Infra.CrossCutting.IoC\Scrum.Infra.CrossCutting.IoC.csproj", "{F7E0C987-B395-42AA-A9CF-39B7C2AC2D0C}"
EndProject
Project("{FAE04EC0-301F-11D3-BF4B-00C04F79EFBC}") = "Scrum.Infra.Data", "src\Scrum.Infra.Data\Scrum.Infra.Data.csproj", "{9D07EEB6-F423-4D90-89A6-D8973C670EE1}"
EndProject
Project("{FAE04EC0-301F-11D3-BF4B-00C04F79EFBC}") = "Scrum.API", "src\Scrum.API\Scrum.API.csproj", "{32B0CFEE-9CE8-42D9-AF7D-A1DB106E4BCA}"
EndProject
Project("{FAE04EC0-301F-11D3-BF4B-00C04F79EFBC}") = "Scrum.Domain.Shared", "src\Scrum.Domain.Shared\Scrum.Domain.Shared.csproj", "{8CE79906-3E69-4EBA-A9DC-CBD191D32F68}"
EndProject
Global
	GlobalSection(SolutionConfigurationPlatforms) = preSolution
		Debug|Any CPU = Debug|Any CPU
		Release|Any CPU = Release|Any CPU
	EndGlobalSection
	GlobalSection(ProjectConfigurationPlatforms) = postSolution
		{B0AAF8B6-AF3A-4389-99B1-EA5F26FE0708}.Debug|Any CPU.ActiveCfg = Debug|Any CPU
		{B0AAF8B6-AF3A-4389-99B1-EA5F26FE0708}.Debug|Any CPU.Build.0 = Debug|Any CPU
		{B0AAF8B6-AF3A-4389-99B1-EA5F26FE0708}.Release|Any CPU.ActiveCfg = Release|Any CPU
		{B0AAF8B6-AF3A-4389-99B1-EA5F26FE0708}.Release|Any CPU.Build.0 = Release|Any CPU
		{D1BFAF5C-6EE3-415A-8B4E-A4556A61D391}.Debug|Any CPU.ActiveCfg = Debug|Any CPU
		{D1BFAF5C-6EE3-415A-8B4E-A4556A61D391}.Debug|Any CPU.Build.0 = Debug|Any CPU
		{D1BFAF5C-6EE3-415A-8B4E-A4556A61D391}.Release|Any CPU.ActiveCfg = Release|Any CPU
		{D1BFAF5C-6EE3-415A-8B4E-A4556A61D391}.Release|Any CPU.Build.0 = Release|Any CPU
		{046BEF74-1251-44C1-A04E-3ADBFBDD7199}.Debug|Any CPU.ActiveCfg = Debug|Any CPU
		{046BEF74-1251-44C1-A04E-3ADBFBDD7199}.Debug|Any CPU.Build.0 = Debug|Any CPU
		{046BEF74-1251-44C1-A04E-3ADBFBDD7199}.Release|Any CPU.ActiveCfg = Release|Any CPU
		{046BEF74-1251-44C1-A04E-3ADBFBDD7199}.Release|Any CPU.Build.0 = Release|Any CPU
		{1038321F-D908-4963-A849-743318C89122}.Debug|Any CPU.ActiveCfg = Debug|Any CPU
		{1038321F-D908-4963-A849-743318C89122}.Debug|Any CPU.Build.0 = Debug|Any CPU
		{1038321F-D908-4963-A849-743318C89122}.Release|Any CPU.ActiveCfg = Release|Any CPU
		{1038321F-D908-4963-A849-743318C89122}.Release|Any CPU.Build.0 = Release|Any CPU
		{F7E0C987-B395-42AA-A9CF-39B7C2AC2D0C}.Debug|Any CPU.ActiveCfg = Debug|Any CPU
		{F7E0C987-B395-42AA-A9CF-39B7C2AC2D0C}.Debug|Any CPU.Build.0 = Debug|Any CPU
		{F7E0C987-B395-42AA-A9CF-39B7C2AC2D0C}.Release|Any CPU.ActiveCfg = Release|Any CPU
		{F7E0C987-B395-42AA-A9CF-39B7C2AC2D0C}.Release|Any CPU.Build.0 = Release|Any CPU
		{9D07EEB6-F423-4D90-89A6-D8973C670EE1}.Debug|Any CPU.ActiveCfg = Debug|Any CPU
		{9D07EEB6-F423-4D90-89A6-D8973C670EE1}.Debug|Any CPU.Build.0 = Debug|Any CPU
		{9D07EEB6-F423-4D90-89A6-D8973C670EE1}.Release|Any CPU.ActiveCfg = Release|Any CPU
		{9D07EEB6-F423-4D90-89A6-D8973C670EE1}.Release|Any CPU.Build.0 = Release|Any CPU
		{32B0CFEE-9CE8-42D9-AF7D-A1DB106E4BCA}.Debug|Any CPU.ActiveCfg = Debug|Any CPU
		{32B0CFEE-9CE8-42D9-AF7D-A1DB106E4BCA}.Debug|Any CPU.Build.0 = Debug|Any CPU
		{32B0CFEE-9CE8-42D9-AF7D-A1DB106E4BCA}.Release|Any CPU.ActiveCfg = Release|Any CPU
		{32B0CFEE-9CE8-42D9-AF7D-A1DB106E4BCA}.Release|Any CPU.Build.0 = Release|Any CPU
		{8CE79906-3E69-4EBA-A9DC-CBD191D32F68}.Debug|Any CPU.ActiveCfg = Debug|Any CPU
		{8CE79906-3E69-4EBA-A9DC-CBD191D32F68}.Debug|Any CPU.Build.0 = Debug|Any CPU
		{8CE79906-3E69-4EBA-A9DC-CBD191D32F68}.Release|Any CPU.ActiveCfg = Release|Any CPU
		{8CE79906-3E69-4EBA-A9DC-CBD191D32F68}.Release|Any CPU.Build.0 = Release|Any CPU
	EndGlobalSection
	GlobalSection(SolutionProperties) = preSolution
		HideSolutionNode = FALSE
	EndGlobalSection
	GlobalSection(NestedProjects) = preSolution
		{D1BFAF5C-6EE3-415A-8B4E-A4556A61D391} = {11B40110-85E5-447D-8765-D6A6B6A13C1F}
		{1018F9FF-384C-4FF7-90EA-1D50BBBB9DED} = {E2283C48-BE61-4C68-AE8A-4A55059899FF}
		{11B40110-85E5-447D-8765-D6A6B6A13C1F} = {E2283C48-BE61-4C68-AE8A-4A55059899FF}
		{6B2ACB17-FC88-4E07-B171-5B3957A579A8} = {E2283C48-BE61-4C68-AE8A-4A55059899FF}
		{809483F7-5BCD-47FD-9488-AE4F6FB92FE3} = {E2283C48-BE61-4C68-AE8A-4A55059899FF}
		{9B2FC648-7475-4A64-85CB-A22DF2F02E7A} = {E2283C48-BE61-4C68-AE8A-4A55059899FF}
		{A94C252C-5FAB-46D1-8B8A-BF8EE3BCE9FA} = {E2283C48-BE61-4C68-AE8A-4A55059899FF}
		{3D216EA9-40E4-40C7-82B8-EC43C0993A9B} = {E2283C48-BE61-4C68-AE8A-4A55059899FF}
		{046BEF74-1251-44C1-A04E-3ADBFBDD7199} = {1018F9FF-384C-4FF7-90EA-1D50BBBB9DED}
		{1038321F-D908-4963-A849-743318C89122} = {A94C252C-5FAB-46D1-8B8A-BF8EE3BCE9FA}
		{F7E0C987-B395-42AA-A9CF-39B7C2AC2D0C} = {9B2FC648-7475-4A64-85CB-A22DF2F02E7A}
		{9D07EEB6-F423-4D90-89A6-D8973C670EE1} = {9B2FC648-7475-4A64-85CB-A22DF2F02E7A}
		{32B0CFEE-9CE8-42D9-AF7D-A1DB106E4BCA} = {6B2ACB17-FC88-4E07-B171-5B3957A579A8}
		{8CE79906-3E69-4EBA-A9DC-CBD191D32F68} = {A94C252C-5FAB-46D1-8B8A-BF8EE3BCE9FA}
	EndGlobalSection
	GlobalSection(ExtensibilityGlobals) = postSolution
		SolutionGuid = {3CD3AE30-BE26-4A4B-9FD5-D73E799AAACD}
	EndGlobalSection
EndGlobal
