
Microsoft Visual Studio Solution File, Format Version 12.00
# Visual Studio Version 17
VisualStudioVersion = 17.7.34221.43
MinimumVisualStudioVersion = 10.0.40219.1
Project("{FAE04EC0-301F-11D3-BF4B-00C04F79EFBC}") = "Scrum", "Scrum\Scrum.csproj", "{B0AAF8B6-AF3A-4389-99B1-EA5F26FE0708}"
EndProject
Project("{2150E333-8FDC-42A3-9474-1A3956D46DE8}") = "Source", "Source", "{57B9C922-5AC0-4E78-BB05-CFE4037093D0}"
EndProject
Project("{2150E333-8FDC-42A3-9474-1A3956D46DE8}") = "Building Blocks", "Building Blocks", "{77C733BA-49CD-4632-8A05-0DBCDF4ECF3C}"
EndProject
Project("{FAE04EC0-301F-11D3-BF4B-00C04F79EFBC}") = "Scrum.Core", "Source\Scrum.Core\Scrum.Core.csproj", "{AF01162C-0646-4A1E-9523-7355D03B1AF9}"
EndProject
Project("{2150E333-8FDC-42A3-9474-1A3956D46DE8}") = "Domain", "Domain", "{E1F698CC-04F2-489D-AB0F-F0A764B2FBEE}"
EndProject
Project("{FAE04EC0-301F-11D3-BF4B-00C04F79EFBC}") = "Scrum.Domain", "Source\Scrum.Domain\Scrum.Domain.csproj", "{32B1C63F-8834-488C-88DC-213FDA9DEBC7}"
EndProject
Project("{2150E333-8FDC-42A3-9474-1A3956D46DE8}") = "Services", "Services", "{88790A4A-A4BD-4ECB-BDD8-72086F5FA742}"
EndProject
Project("{FAE04EC0-301F-11D3-BF4B-00C04F79EFBC}") = "Scrum.Services", "Source\Scrum.Services\Scrum.Services.csproj", "{6A1DD1D4-2718-4E89-BFCB-B9DE91939352}"
EndProject
Project("{2150E333-8FDC-42A3-9474-1A3956D46DE8}") = "Infra", "Infra", "{2D633BC7-77BD-40C7-9EDA-E27ED3753E1A}"
EndProject
Project("{FAE04EC0-301F-11D3-BF4B-00C04F79EFBC}") = "Scrum.Infra.Data", "Source\Scrum.Infra.Data\Scrum.Infra.Data.csproj", "{E3D3ED87-8FFA-4575-86F1-078A5C0AB3FA}"
EndProject
Global
	GlobalSection(SolutionConfigurationPlatforms) = preSolution
		Debug|Any CPU = Debug|Any CPU
		Release|Any CPU = Release|Any CPU
	EndGlobalSection
	GlobalSection(ProjectConfigurationPlatforms) = postSolution
		{B0AAF8B6-AF3A-4389-99B1-EA5F26FE0708}.Debug|Any CPU.ActiveCfg = Debug|Any CPU
		{B0AAF8B6-AF3A-4389-99B1-EA5F26FE0708}.Debug|Any CPU.Build.0 = Debug|Any CPU
		{B0AAF8B6-AF3A-4389-99B1-EA5F26FE0708}.Release|Any CPU.ActiveCfg = Release|Any CPU
		{B0AAF8B6-AF3A-4389-99B1-EA5F26FE0708}.Release|Any CPU.Build.0 = Release|Any CPU
		{AF01162C-0646-4A1E-9523-7355D03B1AF9}.Debug|Any CPU.ActiveCfg = Debug|Any CPU
		{AF01162C-0646-4A1E-9523-7355D03B1AF9}.Debug|Any CPU.Build.0 = Debug|Any CPU
		{AF01162C-0646-4A1E-9523-7355D03B1AF9}.Release|Any CPU.ActiveCfg = Release|Any CPU
		{AF01162C-0646-4A1E-9523-7355D03B1AF9}.Release|Any CPU.Build.0 = Release|Any CPU
		{32B1C63F-8834-488C-88DC-213FDA9DEBC7}.Debug|Any CPU.ActiveCfg = Debug|Any CPU
		{32B1C63F-8834-488C-88DC-213FDA9DEBC7}.Debug|Any CPU.Build.0 = Debug|Any CPU
		{32B1C63F-8834-488C-88DC-213FDA9DEBC7}.Release|Any CPU.ActiveCfg = Release|Any CPU
		{32B1C63F-8834-488C-88DC-213FDA9DEBC7}.Release|Any CPU.Build.0 = Release|Any CPU
		{6A1DD1D4-2718-4E89-BFCB-B9DE91939352}.Debug|Any CPU.ActiveCfg = Debug|Any CPU
		{6A1DD1D4-2718-4E89-BFCB-B9DE91939352}.Debug|Any CPU.Build.0 = Debug|Any CPU
		{6A1DD1D4-2718-4E89-BFCB-B9DE91939352}.Release|Any CPU.ActiveCfg = Release|Any CPU
		{6A1DD1D4-2718-4E89-BFCB-B9DE91939352}.Release|Any CPU.Build.0 = Release|Any CPU
		{E3D3ED87-8FFA-4575-86F1-078A5C0AB3FA}.Debug|Any CPU.ActiveCfg = Debug|Any CPU
		{E3D3ED87-8FFA-4575-86F1-078A5C0AB3FA}.Debug|Any CPU.Build.0 = Debug|Any CPU
		{E3D3ED87-8FFA-4575-86F1-078A5C0AB3FA}.Release|Any CPU.ActiveCfg = Release|Any CPU
		{E3D3ED87-8FFA-4575-86F1-078A5C0AB3FA}.Release|Any CPU.Build.0 = Release|Any CPU
	EndGlobalSection
	GlobalSection(SolutionProperties) = preSolution
		HideSolutionNode = FALSE
	EndGlobalSection
	GlobalSection(NestedProjects) = preSolution
		{77C733BA-49CD-4632-8A05-0DBCDF4ECF3C} = {57B9C922-5AC0-4E78-BB05-CFE4037093D0}
		{AF01162C-0646-4A1E-9523-7355D03B1AF9} = {77C733BA-49CD-4632-8A05-0DBCDF4ECF3C}
		{E1F698CC-04F2-489D-AB0F-F0A764B2FBEE} = {57B9C922-5AC0-4E78-BB05-CFE4037093D0}
		{32B1C63F-8834-488C-88DC-213FDA9DEBC7} = {E1F698CC-04F2-489D-AB0F-F0A764B2FBEE}
		{88790A4A-A4BD-4ECB-BDD8-72086F5FA742} = {57B9C922-5AC0-4E78-BB05-CFE4037093D0}
		{6A1DD1D4-2718-4E89-BFCB-B9DE91939352} = {88790A4A-A4BD-4ECB-BDD8-72086F5FA742}
		{2D633BC7-77BD-40C7-9EDA-E27ED3753E1A} = {57B9C922-5AC0-4E78-BB05-CFE4037093D0}
		{E3D3ED87-8FFA-4575-86F1-078A5C0AB3FA} = {2D633BC7-77BD-40C7-9EDA-E27ED3753E1A}
	EndGlobalSection
	GlobalSection(ExtensibilityGlobals) = postSolution
		SolutionGuid = {3CD3AE30-BE26-4A4B-9FD5-D73E799AAACD}
	EndGlobalSection
EndGlobal
